<?xml version="1.0" encoding="utf-8"?>
<Project ToolsVersion="18.0" xmlns="http://schemas.microsoft.com/developer/msbuild/2003">
  <ItemGroup>
    <CustomBuild Include="C:\Boris\ServerEngine\build-se-v3-10d3d\CMakeFiles\10c36699bb0b58be791c4dafbb21d88c\RUN_TESTS_force.rule">
      <Filter>CMake Rules</Filter>
    </CustomBuild>
  </ItemGroup>
  <ItemGroup>
    <Filter Include="CMake Rules">
      <UniqueIdentifier>{B9FBB02F-F354-3EC1-B044-2C927858837D}</UniqueIdentifier>
    </Filter>
  </ItemGroup>
</Project>
