<?xml version="1.0" encoding="utf-8"?>
<Project ToolsVersion="18.0" xmlns="http://schemas.microsoft.com/developer/msbuild/2003">
  <ItemGroup>
    <ClCompile Include="C:\Boris\ServerEngine\server_engine\diagnostics\diagnostic_buffer.cpp">
      <Filter>Source Files</Filter>
    </ClCompile>
    <ClCompile Include="C:\Boris\ServerEngine\server_engine\json\json_parser.cpp">
      <Filter>Source Files</Filter>
    </ClCompile>
    <ClCompile Include="C:\Boris\ServerEngine\server_engine\config\server_configuration_loader.cpp">
      <Filter>Source Files</Filter>
    </ClCompile>
    <ClCompile Include="C:\Boris\ServerEngine\server_engine\project\project_configuration_loader.cpp">
      <Filter>Source Files</Filter>
    </ClCompile>
    <ClCompile Include="C:\Boris\ServerEngine\server_engine\project\storage\byte_arena.cpp">
      <Filter>Source Files</Filter>
    </ClCompile>
    <ClCompile Include="C:\Boris\ServerEngine\server_engine\project\identity\identity_space.cpp">
      <Filter>Source Files</Filter>
    </ClCompile>
    <ClCompile Include="C:\Boris\ServerEngine\server_engine\project\string\string_table.cpp">
      <Filter>Source Files</Filter>
    </ClCompile>
    <ClCompile Include="C:\Boris\ServerEngine\server_engine\project\frontend\source_facts_validation.cpp">
      <Filter>Source Files</Filter>
    </ClCompile>
    <ClCompile Include="C:\Boris\ServerEngine\server_engine\project\frontend\include_discovery.cpp">
      <Filter>Source Files</Filter>
    </ClCompile>
    <ClCompile Include="C:\Boris\ServerEngine\server_engine\project\frontend\source_frontend_generation.cpp">
      <Filter>Source Files</Filter>
    </ClCompile>
    <ClCompile Include="C:\Boris\ServerEngine\server_engine\project\frontend\source_frontend_incremental.cpp">
      <Filter>Source Files</Filter>
    </ClCompile>
    <ClCompile Include="C:\Boris\ServerEngine\server_engine\project\frontend\source_frontend_cache.cpp">
      <Filter>Source Files</Filter>
    </ClCompile>
    <ClCompile Include="C:\Boris\ServerEngine\server_engine\project\builder\source_contribution.cpp">
      <Filter>Source Files</Filter>
    </ClCompile>
    <ClCompile Include="C:\Boris\ServerEngine\server_engine\project\builder\generation_builder.cpp">
      <Filter>Source Files</Filter>
    </ClCompile>
    <ClCompile Include="C:\Boris\ServerEngine\server_engine\project\graph\graph.cpp">
      <Filter>Source Files</Filter>
    </ClCompile>
    <ClCompile Include="C:\Boris\ServerEngine\server_engine\project\source\source_hash.cpp">
      <Filter>Source Files</Filter>
    </ClCompile>
    <ClCompile Include="C:\Boris\ServerEngine\server_engine\project\source\file_snapshot.cpp">
      <Filter>Source Files</Filter>
    </ClCompile>
    <ClCompile Include="C:\Boris\ServerEngine\server_engine\project\source\source_change_tracker.cpp">
      <Filter>Source Files</Filter>
    </ClCompile>
    <ClCompile Include="C:\Boris\ServerEngine\server_engine\project\source\source_manager.cpp">
      <Filter>Source Files</Filter>
    </ClCompile>
    <ClCompile Include="C:\Boris\ServerEngine\server_engine\project\parser\lexer.cpp">
      <Filter>Source Files</Filter>
    </ClCompile>
    <ClCompile Include="C:\Boris\ServerEngine\server_engine\project\parser\source_environment.cpp">
      <Filter>Source Files</Filter>
    </ClCompile>
    <ClCompile Include="C:\Boris\ServerEngine\server_engine\project\parser\source_parser.cpp">
      <Filter>Source Files</Filter>
    </ClCompile>
    <ClCompile Include="C:\Boris\ServerEngine\server_engine\project\project_context.cpp">
      <Filter>Source Files</Filter>
    </ClCompile>
    <ClCompile Include="C:\Boris\ServerEngine\server_engine\project\project_persistence.cpp">
      <Filter>Source Files</Filter>
    </ClCompile>
    <ClCompile Include="C:\Boris\ServerEngine\server_engine\project\project_build_orchestrator.cpp">
      <Filter>Source Files</Filter>
    </ClCompile>
    <ClCompile Include="C:\Boris\ServerEngine\server_engine\project\project_manager.cpp">
      <Filter>Source Files</Filter>
    </ClCompile>
    <ClCompile Include="C:\Boris\ServerEngine\server_engine\project\persistence\baseline_store.cpp">
      <Filter>Source Files</Filter>
    </ClCompile>
    <ClCompile Include="C:\Boris\ServerEngine\server_engine\project\persistence\source_manager_image.cpp">
      <Filter>Source Files</Filter>
    </ClCompile>
    <ClCompile Include="C:\Boris\ServerEngine\server_engine\project\persistence\compiled_image.cpp">
      <Filter>Source Files</Filter>
    </ClCompile>
    <ClCompile Include="C:\Boris\ServerEngine\server_engine\project\persistence\build_cache_image.cpp">
      <Filter>Source Files</Filter>
    </ClCompile>
  </ItemGroup>
  <ItemGroup>
    <CustomBuild Include="C:\Boris\ServerEngine\CMakeLists.txt" />
  </ItemGroup>
  <ItemGroup>
    <Filter Include="Source Files">
      <UniqueIdentifier>{F1646BA3-FB0D-3DB8-B849-67719FD203B4}</UniqueIdentifier>
    </Filter>
  </ItemGroup>
</Project>
