<?xml version="1.0" encoding="utf-8"?>
<Project ToolsVersion="4.0" xmlns="http://schemas.microsoft.com/developer/msbuild/2003">
  <ItemGroup>
    <Filter Include="Source Files"><UniqueIdentifier>{69B8C41C-7C7B-4E1F-B388-EEAD8450F1F7}</UniqueIdentifier><Extensions>cpp;c</Extensions></Filter>
    <Filter Include="Header Files"><UniqueIdentifier>{E6D14675-A21C-4B62-86D9-0187E7D546C9}</UniqueIdentifier><Extensions>h;hpp</Extensions></Filter>
  </ItemGroup>
</Project>
