<?xml version="1.0" encoding="UTF-8"?>
<Solution>
	<Configurations>
		<BuildType Name="Debug"/>
		<BuildType Name="Release"/>
		<BuildType Name="MinSizeRel"/>
		<BuildType Name="RelWithDebInfo"/>
		<Platform Name="x64"/>
	</Configurations>
	<Project Path="ALL_BUILD.vcxproj" Type="8bc9ceb8-8b4a-11d0-8d11-00a0c91bc942" Id="d63eb630-a843-3888-b59e-0bb5d65888c3" DefaultStartup="true">
		<BuildDependency Project="ZERO_CHECK.vcxproj"/>
		<BuildDependency Project="server_engine.vcxproj"/>
		<BuildDependency Project="server_engine_core.vcxproj"/>
		<BuildDependency Project="server_engine_tests.vcxproj"/>
		<Build Solution="Debug|*" Project="false"/>
		<Build Solution="Release|*" Project="false"/>
		<Build Solution="MinSizeRel|*" Project="false"/>
		<Build Solution="RelWithDebInfo|*" Project="false"/>
	</Project>
	<Project Path="RUN_TESTS.vcxproj" Type="8bc9ceb8-8b4a-11d0-8d11-00a0c91bc942" Id="c8b53988-a809-31f9-892d-4a9a4edb0c65">
		<BuildDependency Project="ZERO_CHECK.vcxproj"/>
		<Build Solution="Debug|*" Project="false"/>
		<Build Solution="Release|*" Project="false"/>
		<Build Solution="MinSizeRel|*" Project="false"/>
		<Build Solution="RelWithDebInfo|*" Project="false"/>
	</Project>
	<Project Path="ZERO_CHECK.vcxproj" Type="8bc9ceb8-8b4a-11d0-8d11-00a0c91bc942" Id="15a444fe-f791-366c-b11e-3a2de3bdba67"/>
	<Project Path="server_engine.vcxproj" Type="8bc9ceb8-8b4a-11d0-8d11-00a0c91bc942" Id="95bf9bb4-8287-3838-a52f-ae6a22ff70f5">
		<BuildDependency Project="ZERO_CHECK.vcxproj"/>
		<BuildDependency Project="server_engine_core.vcxproj"/>
	</Project>
	<Project Path="server_engine_core.vcxproj" Type="8bc9ceb8-8b4a-11d0-8d11-00a0c91bc942" Id="b66e5c60-b782-357b-91a7-b2de73e6f2d1">
		<BuildDependency Project="ZERO_CHECK.vcxproj"/>
	</Project>
	<Project Path="server_engine_tests.vcxproj" Type="8bc9ceb8-8b4a-11d0-8d11-00a0c91bc942" Id="3e93f1d8-278d-3260-9fd1-4041b2dbb39a">
		<BuildDependency Project="ZERO_CHECK.vcxproj"/>
		<BuildDependency Project="server_engine_core.vcxproj"/>
	</Project>
</Solution>
